
Microsoft Visual Studio Solution File, Format Version 12.00
# Visual Studio Version 16
VisualStudioVersion = 16.0.32228.343
MinimumVisualStudioVersion = 10.0.40219.1
Project("{FAE04EC0-301F-11D3-BF4B-00C04F79EFBC}") = "WEbAPI_WithDBLTIB", "WEbAPI_WithDBLTIB\WEbAPI_WithDBLTIB.csproj", "{21442DF7-2A7D-43EB-BBC8-9CD5670ED844}"
EndProject
Global
	GlobalSection(SolutionConfigurationPlatforms) = preSolution
		Debug|Any CPU = Debug|Any CPU
		Release|Any CPU = Release|Any CPU
	EndGlobalSection
	GlobalSection(ProjectConfigurationPlatforms) = postSolution
		{21442DF7-2A7D-43EB-BBC8-9CD5670ED844}.Debug|Any CPU.ActiveCfg = Debug|Any CPU
		{21442DF7-2A7D-43EB-BBC8-9CD5670ED844}.Debug|Any CPU.Build.0 = Debug|Any CPU
		{21442DF7-2A7D-43EB-BBC8-9CD5670ED844}.Release|Any CPU.ActiveCfg = Release|Any CPU
		{21442DF7-2A7D-43EB-BBC8-9CD5670ED844}.Release|Any CPU.Build.0 = Release|Any CPU
	EndGlobalSection
	GlobalSection(SolutionProperties) = preSolution
		HideSolutionNode = FALSE
	EndGlobalSection
	GlobalSection(ExtensibilityGlobals) = postSolution
		SolutionGuid = {CD084985-81CB-4F03-B357-1738C814BC7A}
	EndGlobalSection
EndGlobal
